
Microsoft Visual Studio Solution File, Format Version 12.00
# Visual Studio Version 16
VisualStudioVersion = 16.0.31702.278
MinimumVisualStudioVersion = 10.0.40219.1
Project("{FAE04EC0-301F-11D3-BF4B-00C04F79EFBC}") = "lab4_rle", "lab4_rle\lab4_rle.csproj", "{BADEA806-B0C8-4E1D-BD87-F3828664CF4A}"
EndProject
Global
	GlobalSection(SolutionConfigurationPlatforms) = preSolution
		Debug|Any CPU = Debug|Any CPU
		Release|Any CPU = Release|Any CPU
	EndGlobalSection
	GlobalSection(ProjectConfigurationPlatforms) = postSolution
		{BADEA806-B0C8-4E1D-BD87-F3828664CF4A}.Debug|Any CPU.ActiveCfg = Debug|Any CPU
		{BADEA806-B0C8-4E1D-BD87-F3828664CF4A}.Debug|Any CPU.Build.0 = Debug|Any CPU
		{BADEA806-B0C8-4E1D-BD87-F3828664CF4A}.Release|Any CPU.ActiveCfg = Release|Any CPU
		{BADEA806-B0C8-4E1D-BD87-F3828664CF4A}.Release|Any CPU.Build.0 = Release|Any CPU
	EndGlobalSection
	GlobalSection(SolutionProperties) = preSolution
		HideSolutionNode = FALSE
	EndGlobalSection
	GlobalSection(ExtensibilityGlobals) = postSolution
		SolutionGuid = {238A2BB3-B2A7-4A7E-A880-15C54FEAB355}
	EndGlobalSection
EndGlobal
